<?xml version="1.0" encoding="utf-8"?>
<Project ToolsVersion="4.0" xmlns="http://schemas.microsoft.com/developer/msbuild/2003">
  <ItemGroup>
    <Filter Include="Source Files">
      <UniqueIdentifier>{4FC737F1-C7A5-4376-A066-2A32D752A2FF}</UniqueIdentifier>
      <Extensions>cpp;c;cc;cxx;def;odl;idl;hpj;bat;asm;asmx</Extensions>
    </Filter>
    <Filter Include="Source Files\base64">
      <UniqueIdentifier>{79820f1e-61d9-46bc-9eb2-a52c20f62fa4}</UniqueIdentifier>
    </Filter>
    <Filter Include="Source Files\sha">
      <UniqueIdentifier>{b6f4bad9-f45a-495f-93f2-f4b1605b9ac4}</UniqueIdentifier>
    </Filter>
    <Filter Include="Header Files">
      <UniqueIdentifier>{93995380-89BD-4b04-88EB-625FBE52EBFB}</UniqueIdentifier>
      <Extensions>h;hpp;hxx;hm;inl;inc;xsd</Extensions>
    </Filter>
    <Filter Include="Header Files\base64">
      <UniqueIdentifier>{d7e1c798-4217-4c1e-a897-90bfc59d83ad}</UniqueIdentifier>
    </Filter>
    <Filter Include="Header Files\sha">
      <UniqueIdentifier>{84b75a09-d8c9-4327-806d-c4f54698e4c5}</UniqueIdentifier>
    </Filter>
    <Filter Include="Header Files\utf8_validator">
      <UniqueIdentifier>{c849b58d-df43-4574-ae85-92ac66333899}</UniqueIdentifier>
    </Filter>
  </ItemGroup>
  <ItemGroup>
    <ClCompile Include="..\..\src\network_utilities.cpp">
      <Filter>Source Files</Filter>
    </ClCompile>
    <ClCompile Include="..\..\src\websocket_client.cpp">
      <Filter>Source Files</Filter>
    </ClCompile>
    <ClCompile Include="..\..\src\websocket_client_session.cpp">
      <Filter>Source Files</Filter>
    </ClCompile>
    <ClCompile Include="..\..\src\websocket_frame.cpp">
      <Filter>Source Files</Filter>
    </ClCompile>
    <ClCompile Include="..\..\src\websocket_server.cpp">
      <Filter>Source Files</Filter>
    </ClCompile>
    <ClCompile Include="..\..\src\websocket_server_session.cpp">
      <Filter>Source Files</Filter>
    </ClCompile>
    <ClCompile Include="..\..\src\websocket_session.cpp">
      <Filter>Source Files</Filter>
    </ClCompile>
    <ClCompile Include="..\..\src\base64\base64.cpp">
      <Filter>Source Files\base64</Filter>
    </ClCompile>
    <ClCompile Include="..\..\src\sha1\sha1.cpp">
      <Filter>Source Files\sha</Filter>
    </ClCompile>
  </ItemGroup>
  <ItemGroup>
    <ClInclude Include="..\..\src\network_utilities.hpp">
      <Filter>Header Files</Filter>
    </ClInclude>
    <ClInclude Include="..\..\src\websocket_client.hpp">
      <Filter>Header Files</Filter>
    </ClInclude>
    <ClInclude Include="..\..\src\websocket_client_session.hpp">
      <Filter>Header Files</Filter>
    </ClInclude>
    <ClInclude Include="..\..\src\websocket_connection_handler.hpp">
      <Filter>Header Files</Filter>
    </ClInclude>
    <ClInclude Include="..\..\src\websocket_frame.hpp">
      <Filter>Header Files</Filter>
    </ClInclude>
    <ClInclude Include="..\..\src\websocket_server.hpp">
      <Filter>Header Files</Filter>
    </ClInclude>
    <ClInclude Include="..\..\src\websocket_server_session.hpp">
      <Filter>Header Files</Filter>
    </ClInclude>
    <ClInclude Include="..\..\src\websocket_session.hpp">
      <Filter>Header Files</Filter>
    </ClInclude>
    <ClInclude Include="..\..\src\websocketpp.hpp">
      <Filter>Header Files</Filter>
    </ClInclude>
    <ClInclude Include="..\..\src\base64\base64.h">
      <Filter>Header Files\base64</Filter>
    </ClInclude>
    <ClInclude Include="..\..\src\sha1\sha1.h">
      <Filter>Header Files\sha</Filter>
    </ClInclude>
    <ClInclude Include="..\..\src\utf8_validator\utf8_validator.hpp">
      <Filter>Header Files\utf8_validator</Filter>
    </ClInclude>
  </ItemGroup>
</Project>
