
Microsoft Visual Studio Solution File, Format Version 11.00
# Visual C++ Express 2010
Project("{8BC9CEB8-8B4A-11D0-8D11-00A0C91BC942}") = "websocketpp", "websocketpp.vcxproj", "{1C0FD04E-5ACA-4031-B3D1-320A5360C9D0}"
EndProject
Project("{8BC9CEB8-8B4A-11D0-8D11-00A0C91BC942}") = "echoserver", "examples\echoserver.vcxproj", "{B569A272-D7D3-404B-B5FB-9187C0EB9F48}"
EndProject
Project("{8BC9CEB8-8B4A-11D0-8D11-00A0C91BC942}") = "chatserver", "examples\chatserver.vcxproj", "{2AFECE48-86DE-47D0-9263-DC0D203AA62D}"
EndProject
Project("{8BC9CEB8-8B4A-11D0-8D11-00A0C91BC942}") = "chatclient", "examples\chatclient.vcxproj", "{116BFEDA-AF8E-4B3F-8508-ACC5EE89F905}"
EndProject
Project("{8BC9CEB8-8B4A-11D0-8D11-00A0C91BC942}") = "echoclient", "examples\echoclient.vcxproj", "{D7C36001-002F-4B8E-B4C0-A04E2F9522D0}"
	ProjectSection(ProjectDependencies) = postProject
		{1C0FD04E-5ACA-4031-B3D1-320A5360C9D0} = {1C0FD04E-5ACA-4031-B3D1-320A5360C9D0}
	EndProjectSection
EndProject
Global
	GlobalSection(SolutionConfigurationPlatforms) = preSolution
		Debug|Win32 = Debug|Win32
		Release|Win32 = Release|Win32
	EndGlobalSection
	GlobalSection(ProjectConfigurationPlatforms) = postSolution
		{1C0FD04E-5ACA-4031-B3D1-320A5360C9D0}.Debug|Win32.ActiveCfg = Debug|Win32
		{1C0FD04E-5ACA-4031-B3D1-320A5360C9D0}.Debug|Win32.Build.0 = Debug|Win32
		{1C0FD04E-5ACA-4031-B3D1-320A5360C9D0}.Release|Win32.ActiveCfg = Release|Win32
		{1C0FD04E-5ACA-4031-B3D1-320A5360C9D0}.Release|Win32.Build.0 = Release|Win32
		{B569A272-D7D3-404B-B5FB-9187C0EB9F48}.Debug|Win32.ActiveCfg = Debug|Win32
		{B569A272-D7D3-404B-B5FB-9187C0EB9F48}.Debug|Win32.Build.0 = Debug|Win32
		{B569A272-D7D3-404B-B5FB-9187C0EB9F48}.Release|Win32.ActiveCfg = Release|Win32
		{B569A272-D7D3-404B-B5FB-9187C0EB9F48}.Release|Win32.Build.0 = Release|Win32
		{2AFECE48-86DE-47D0-9263-DC0D203AA62D}.Debug|Win32.ActiveCfg = Debug|Win32
		{2AFECE48-86DE-47D0-9263-DC0D203AA62D}.Debug|Win32.Build.0 = Debug|Win32
		{2AFECE48-86DE-47D0-9263-DC0D203AA62D}.Release|Win32.ActiveCfg = Release|Win32
		{2AFECE48-86DE-47D0-9263-DC0D203AA62D}.Release|Win32.Build.0 = Release|Win32
		{116BFEDA-AF8E-4B3F-8508-ACC5EE89F905}.Debug|Win32.ActiveCfg = Debug|Win32
		{116BFEDA-AF8E-4B3F-8508-ACC5EE89F905}.Debug|Win32.Build.0 = Debug|Win32
		{116BFEDA-AF8E-4B3F-8508-ACC5EE89F905}.Release|Win32.ActiveCfg = Release|Win32
		{116BFEDA-AF8E-4B3F-8508-ACC5EE89F905}.Release|Win32.Build.0 = Release|Win32
		{D7C36001-002F-4B8E-B4C0-A04E2F9522D0}.Debug|Win32.ActiveCfg = Debug|Win32
		{D7C36001-002F-4B8E-B4C0-A04E2F9522D0}.Debug|Win32.Build.0 = Debug|Win32
		{D7C36001-002F-4B8E-B4C0-A04E2F9522D0}.Release|Win32.ActiveCfg = Release|Win32
		{D7C36001-002F-4B8E-B4C0-A04E2F9522D0}.Release|Win32.Build.0 = Release|Win32
	EndGlobalSection
	GlobalSection(SolutionProperties) = preSolution
		HideSolutionNode = FALSE
	EndGlobalSection
EndGlobal
