
Microsoft Visual Studio Solution File, Format Version 10.00
# Visual Studio 2008
Project("{8BC9CEB8-8B4A-11D0-8D11-00A0C91BC942}") = "websocketpp", "websocketpp.vcproj", "{1C0FD04E-5ACA-4031-B3D1-320A5360C9D0}"
EndProject
Project("{2150E333-8FDC-42A3-9474-1A3956D46DE8}") = "examples", "examples", "{14E490FC-930E-40EE-B14A-84E2D98DEC9F}"
EndProject
Project("{8BC9CEB8-8B4A-11D0-8D11-00A0C91BC942}") = "echoserver", "examples\echoserver.vcproj", "{B569A272-D7D3-404B-B5FB-9187C0EB9F48}"
	ProjectSection(ProjectDependencies) = postProject
		{1C0FD04E-5ACA-4031-B3D1-320A5360C9D0} = {1C0FD04E-5ACA-4031-B3D1-320A5360C9D0}
	EndProjectSection
EndProject
Project("{8BC9CEB8-8B4A-11D0-8D11-00A0C91BC942}") = "chatserver", "examples\chatserver.vcproj", "{2AFECE48-86DE-47D0-9263-DC0D203AA62D}"
	ProjectSection(ProjectDependencies) = postProject
		{1C0FD04E-5ACA-4031-B3D1-320A5360C9D0} = {1C0FD04E-5ACA-4031-B3D1-320A5360C9D0}
	EndProjectSection
EndProject
Project("{8BC9CEB8-8B4A-11D0-8D11-00A0C91BC942}") = "chatclient", "examples\chatclient.vcproj", "{116BFEDA-AF8E-4B3F-8508-ACC5EE89F905}"
	ProjectSection(ProjectDependencies) = postProject
		{1C0FD04E-5ACA-4031-B3D1-320A5360C9D0} = {1C0FD04E-5ACA-4031-B3D1-320A5360C9D0}
	EndProjectSection
EndProject
Global
	GlobalSection(SolutionConfigurationPlatforms) = preSolution
		Debug|Win32 = Debug|Win32
		Release|Win32 = Release|Win32
	EndGlobalSection
	GlobalSection(ProjectConfigurationPlatforms) = postSolution
		{1C0FD04E-5ACA-4031-B3D1-320A5360C9D0}.Debug|Win32.ActiveCfg = Debug|Win32
		{1C0FD04E-5ACA-4031-B3D1-320A5360C9D0}.Debug|Win32.Build.0 = Debug|Win32
		{1C0FD04E-5ACA-4031-B3D1-320A5360C9D0}.Release|Win32.ActiveCfg = Release|Win32
		{1C0FD04E-5ACA-4031-B3D1-320A5360C9D0}.Release|Win32.Build.0 = Release|Win32
		{B569A272-D7D3-404B-B5FB-9187C0EB9F48}.Debug|Win32.ActiveCfg = Debug|Win32
		{B569A272-D7D3-404B-B5FB-9187C0EB9F48}.Debug|Win32.Build.0 = Debug|Win32
		{B569A272-D7D3-404B-B5FB-9187C0EB9F48}.Release|Win32.ActiveCfg = Release|Win32
		{B569A272-D7D3-404B-B5FB-9187C0EB9F48}.Release|Win32.Build.0 = Release|Win32
		{2AFECE48-86DE-47D0-9263-DC0D203AA62D}.Debug|Win32.ActiveCfg = Debug|Win32
		{2AFECE48-86DE-47D0-9263-DC0D203AA62D}.Debug|Win32.Build.0 = Debug|Win32
		{2AFECE48-86DE-47D0-9263-DC0D203AA62D}.Release|Win32.ActiveCfg = Release|Win32
		{2AFECE48-86DE-47D0-9263-DC0D203AA62D}.Release|Win32.Build.0 = Release|Win32
		{116BFEDA-AF8E-4B3F-8508-ACC5EE89F905}.Debug|Win32.ActiveCfg = Debug|Win32
		{116BFEDA-AF8E-4B3F-8508-ACC5EE89F905}.Debug|Win32.Build.0 = Debug|Win32
		{116BFEDA-AF8E-4B3F-8508-ACC5EE89F905}.Release|Win32.ActiveCfg = Release|Win32
		{116BFEDA-AF8E-4B3F-8508-ACC5EE89F905}.Release|Win32.Build.0 = Release|Win32
	EndGlobalSection
	GlobalSection(SolutionProperties) = preSolution
		HideSolutionNode = FALSE
	EndGlobalSection
	GlobalSection(NestedProjects) = preSolution
		{B569A272-D7D3-404B-B5FB-9187C0EB9F48} = {14E490FC-930E-40EE-B14A-84E2D98DEC9F}
		{2AFECE48-86DE-47D0-9263-DC0D203AA62D} = {14E490FC-930E-40EE-B14A-84E2D98DEC9F}
		{116BFEDA-AF8E-4B3F-8508-ACC5EE89F905} = {14E490FC-930E-40EE-B14A-84E2D98DEC9F}
	EndGlobalSection
EndGlobal
